
Microsoft Visual Studio Solution File, Format Version 12.00
# Visual Studio Version 16
VisualStudioVersion = 16.0.32228.343
MinimumVisualStudioVersion = 10.0.40219.1
Project("{FAE04EC0-301F-11D3-BF4B-00C04F79EFBC}") = "Batdongsan.com", "Batdongsan.com\Batdongsan.com.csproj", "{93334E2B-8E08-416C-B836-6F5E8D78BFBB}"
EndProject
Global
	GlobalSection(SolutionConfigurationPlatforms) = preSolution
		Debug|Any CPU = Debug|Any CPU
		Release|Any CPU = Release|Any CPU
	EndGlobalSection
	GlobalSection(ProjectConfigurationPlatforms) = postSolution
		{93334E2B-8E08-416C-B836-6F5E8D78BFBB}.Debug|Any CPU.ActiveCfg = Debug|Any CPU
		{93334E2B-8E08-416C-B836-6F5E8D78BFBB}.Debug|Any CPU.Build.0 = Debug|Any CPU
		{93334E2B-8E08-416C-B836-6F5E8D78BFBB}.Release|Any CPU.ActiveCfg = Release|Any CPU
		{93334E2B-8E08-416C-B836-6F5E8D78BFBB}.Release|Any CPU.Build.0 = Release|Any CPU
	EndGlobalSection
	GlobalSection(SolutionProperties) = preSolution
		HideSolutionNode = FALSE
	EndGlobalSection
	GlobalSection(ExtensibilityGlobals) = postSolution
		SolutionGuid = {39CACBF3-E8FE-4A98-BC68-EC154BEF1D5C}
	EndGlobalSection
EndGlobal
